
Microsoft Visual Studio Solution File, Format Version 12.00
# Visual Studio Version 17
VisualStudioVersion = 17.7.34009.444
MinimumVisualStudioVersion = 10.0.40219.1
Project("{FAE04EC0-301F-11D3-BF4B-00C04F79EFBC}") = "WindowsFormsApp3", "WindowsFormsApp3\WindowsFormsApp3.csproj", "{96028A70-E421-4470-8F37-649E13B0BA8B}"
EndProject
Global
	GlobalSection(SolutionConfigurationPlatforms) = preSolution
		Debug|Any CPU = Debug|Any CPU
		Release|Any CPU = Release|Any CPU
	EndGlobalSection
	GlobalSection(ProjectConfigurationPlatforms) = postSolution
		{96028A70-E421-4470-8F37-649E13B0BA8B}.Debug|Any CPU.ActiveCfg = Debug|Any CPU
		{96028A70-E421-4470-8F37-649E13B0BA8B}.Debug|Any CPU.Build.0 = Debug|Any CPU
		{96028A70-E421-4470-8F37-649E13B0BA8B}.Release|Any CPU.ActiveCfg = Release|Any CPU
		{96028A70-E421-4470-8F37-649E13B0BA8B}.Release|Any CPU.Build.0 = Release|Any CPU
	EndGlobalSection
	GlobalSection(SolutionProperties) = preSolution
		HideSolutionNode = FALSE
	EndGlobalSection
	GlobalSection(ExtensibilityGlobals) = postSolution
		SolutionGuid = {C2DC2705-088F-4F9B-91B9-C0E628B43416}
	EndGlobalSection
EndGlobal
